
Microsoft Visual Studio Solution File, Format Version 12.00
# Visual Studio Version 16
VisualStudioVersion = 16.0.30523.141
MinimumVisualStudioVersion = 10.0.40219.1
Project("{FAE04EC0-301F-11D3-BF4B-00C04F79EFBC}") = "AlgoExpertExercises", "src\AlgoExpertExercises.csproj", "{C1FA9452-B809-46A2-A958-A049E86A08EB}"
EndProject
Global
	GlobalSection(SolutionConfigurationPlatforms) = preSolution
		Debug|Any CPU = Debug|Any CPU
		Release|Any CPU = Release|Any CPU
	EndGlobalSection
	GlobalSection(ProjectConfigurationPlatforms) = postSolution
		{C1FA9452-B809-46A2-A958-A049E86A08EB}.Debug|Any CPU.ActiveCfg = Debug|Any CPU
		{C1FA9452-B809-46A2-A958-A049E86A08EB}.Debug|Any CPU.Build.0 = Debug|Any CPU
		{C1FA9452-B809-46A2-A958-A049E86A08EB}.Release|Any CPU.ActiveCfg = Release|Any CPU
		{C1FA9452-B809-46A2-A958-A049E86A08EB}.Release|Any CPU.Build.0 = Release|Any CPU
	EndGlobalSection
	GlobalSection(SolutionProperties) = preSolution
		HideSolutionNode = FALSE
	EndGlobalSection
	GlobalSection(ExtensibilityGlobals) = postSolution
		SolutionGuid = {765A2C56-4312-49BD-B178-5A5EA641EE53}
	EndGlobalSection
EndGlobal
